Microsoft Visual Studio Solution File, Format Version 12.00
# Visual Studio Version 17
VisualStudioVersion = 17.5.2.0
MinimumVisualStudioVersion = 10.0.40219.1
Project("{FAE04EC0-301F-11D3-BF4B-00C04F79EFBC}") = "aspnetcoremvc2", "aspnetcoremvc2.csproj", "{6051CBE7-80C3-0C22-E036-B4EFFBC0AEAF}"
EndProject
Global
	GlobalSection(SolutionConfigurationPlatforms) = preSolution
		Debug|Any CPU = Debug|Any CPU
		Release|Any CPU = Release|Any CPU
	EndGlobalSection
	GlobalSection(ProjectConfigurationPlatforms) = postSolution
		{6051CBE7-80C3-0C22-E036-B4EFFBC0AEAF}.Debug|Any CPU.ActiveCfg = Debug|Any CPU
		{6051CBE7-80C3-0C22-E036-B4EFFBC0AEAF}.Debug|Any CPU.Build.0 = Debug|Any CPU
		{6051CBE7-80C3-0C22-E036-B4EFFBC0AEAF}.Release|Any CPU.ActiveCfg = Release|Any CPU
		{6051CBE7-80C3-0C22-E036-B4EFFBC0AEAF}.Release|Any CPU.Build.0 = Release|Any CPU
	EndGlobalSection
	GlobalSection(SolutionProperties) = preSolution
		HideSolutionNode = FALSE
	EndGlobalSection
	GlobalSection(ExtensibilityGlobals) = postSolution
		SolutionGuid = {06A02182-3D05-4915-ABB5-A65F7E90AA3E}
	EndGlobalSection
EndGlobal
